lockfileVersion: '9.0'

settings:
  autoInstallPeers: true
  excludeLinksFromLockfile: false

importers:

  .:
    devDependencies:
      '@cloudflare/workers-types':
        specifier: ^4.20250515.0
        version: 4.20260515.1

packages:

  '@cloudflare/workers-types@4.20260515.1':
    resolution: {integrity: sha512-ruz+9tcG2iIKq5mXU2F00lL6KF5d4QfbAk7fNgvvqf5BelxDXaieyZmSnvA4sQBuemUstt4AEDN9CmJKmfCsDw==}

snapshots:

  '@cloudflare/workers-types@4.20260515.1': {}
